// !$*UTF8*$!
{
	archiveVersion = 1;
	classes = {
	};
	objectVersion = 46;
	objects = {

/* Begin PBXBuildFile section */
		C02999211AB99E3F00AE717D /* main.cpp in Sources */ = {isa = PBXBuildFile; fileRef = C02999201AB99E3F00AE717D /* main.cpp */; };
/* End PBXBuildFile section */

/* Begin PBXCopyFilesBuildPhase section */
		C029991B1AB99E3E00AE717D /* CopyFiles */ = {
			isa = PBXCopyFilesBuildPhase;
			buildActionMask = 2147483647;
			dstPath = /usr/share/man/man1/;
			dstSubfolderSpec = 0;
			files = (
			);
			runOnlyForDeploymentPostprocessing = 1;
		};
/* End PBXCopyFilesBuildPhase section */

/* Begin PBXFileReference section */
		C029991D1AB99E3E00AE717D /* LOJ_rotate-array */ = {isa = PBXFileReference; explicitFileType = "compiled.mach-o.executable"; includeInIndex = 0; path = "LOJ_rotate-array"; sourceTree = BUILT_PRODUCTS_DIR; };
		C02999201AB99E3F00AE717D /* main.cpp */ = {isa = PBXFileReference; lastKnownFileType = sourcecode.cpp.cpp; path = main.cpp; sourceTree = "<group>"; };
/* End PBXFileReference section */

/* Begin PBXFrameworksBuildPhase section */
		C029991A1AB99E3E00AE717D /* Frameworks */ = {
			isa = PBXFrameworksBuildPhase;
			buildActionMask = 2147483647;
			files = (
			);
			runOnlyForDeploymentPostprocessing = 0;
		};
/* End PBXFrameworksBuildPhase section */

/* Begin PBXGroup section */
		C02999141AB99E3E00AE717D = {
			isa = PBXGroup;
			children = (
				C029991F1AB99E3E00AE717D /* LOJ_rotate-array */,
				C029991E1AB99E3E00AE717D /* Products */,
			);
			sourceTree = "<group>";
		};
		C029991E1AB99E3E00AE717D /* Products */ = {
			isa = PBXGroup;
			children = (
				C029991D1AB99E3E00AE717D /* LOJ_rotate-array */,
			);
			name = Products;
			sourceTree = "<group>";
		};
		C029991F1AB99E3E00AE717D /* LOJ_rotate-array */ = {
			isa = PBXGroup;
			children = (
				C02999201AB99E3F00AE717D /* main.cpp */,
			);
			path = "LOJ_rotate-array";
			sourceTree = "<group>";
		};
/* End PBXGroup section */

/* Begin PBXNativeTarget section */
		C029991C1AB99E3E00AE717D /* LOJ_rotate-array */ = {
			isa = PBXNativeTarget;
			buildConfigurationList = C02999241AB99E3F00AE717D /* Build configuration list for PBXNativeTarget "LOJ_rotate-array" */;
			buildPhases = (
				C02999191AB99E3E00AE717D /* Sources */,
				C029991A1AB99E3E00AE717D /* Frameworks */,
				C029991B1AB99E3E00AE717D /* CopyFiles */,
			);
			buildRules = (
			);
			dependencies = (
			);
			name = "LOJ_rotate-array";
			productName = "LOJ_rotate-array";
			productReference = C029991D1AB99E3E00AE717D /* LOJ_rotate-array */;
			productType = "com.apple.product-type.tool";
		};
/* End PBXNativeTarget section */

/* Begin PBXProject section */
		C02999151AB99E3E00AE717D /* Project object */ = {
			isa = PBXProject;
			attributes = {
				LastUpgradeCheck = 0620;
				ORGANIZATIONNAME = "丛远东";
				TargetAttributes = {
					C029991C1AB99E3E00AE717D = {
						CreatedOnToolsVersion = 6.2;
					};
				};
			};
			buildConfigurationList = C02999181AB99E3E00AE717D /* Build configuration list for PBXProject "LOJ_rotate-array" */;
			compatibilityVersion = "Xcode 3.2";
			developmentRegion = English;
			hasScannedForEncodings = 0;
			knownRegions = (
				en,
			);
			mainGroup = C02999141AB99E3E00AE717D;
			productRefGroup = C029991E1AB99E3E00AE717D /* Products */;
			projectDirPath = "";
			projectRoot = "";
			targets = (
				C029991C1AB99E3E00AE717D /* LOJ_rotate-array */,
			);
		};
/* End PBXProject section */

/* Begin PBXSourcesBuildPhase section */
		C02999191AB99E3E00AE717D /* Sources */ = {
			isa = PBXSourcesBuildPhase;
			buildActionMask = 2147483647;
			files = (
				C02999211AB99E3F00AE717D /* main.cpp in Sources */,
			);
			runOnlyForDeploymentPostprocessing = 0;
		};
/* End PBXSourcesBuildPhase section */

/* Begin XCBuildConfiguration section */
		C02999221AB99E3F00AE717D /* Debug */ = {
			isa = XCBuildConfiguration;
			buildSettings = {
				ALWAYS_SEARCH_USER_PATHS = NO;
				CLANG_CXX_LANGUAGE_STANDARD = "gnu++0x";
				CLANG_CXX_LIBRARY = "libc++";
				CLANG_ENABLE_MODULES = YES;
				CLANG_ENABLE_OBJC_ARC = YES;
				CLANG_WARN_BOOL_CONVERSION = YES;
				CLANG_WARN_CONSTANT_CONVERSION = YES;
				CLANG_WARN_DIRECT_OBJC_ISA_USAGE = YES_ERROR;
				CLANG_WARN_EMPTY_BODY = YES;
				CLANG_WARN_ENUM_CONVERSION = YES;
				CLANG_WARN_INT_CONVERSION = YES;
				CLANG_WARN_OBJC_ROOT_CLASS = YES_ERROR;
				CLANG_WARN_UNREACHABLE_CODE = YES;
				CLANG_WARN__DUPLICATE_METHOD_MATCH = YES;
				COPY_PHASE_STRIP = NO;
				ENABLE_STRICT_OBJC_MSGSEND = YES;
				GCC_C_LANGUAGE_STANDARD = gnu99;
				GCC_DYNAMIC_NO_PIC = NO;
				GCC_OPTIMIZATION_LEVEL = 0;
				GCC_PREPROCESSOR_DEFINITIONS = (
					"DEBUG=1",
					"$(inherited)",
				);
				GCC_SYMBOLS_PRIVATE_EXTERN = NO;
				GCC_WARN_64_TO_32_BIT_CONVERSION = YES;
				GCC_WARN_ABOUT_RETURN_TYPE = YES_ERROR;
				GCC_WARN_UNDECLARED_SELECTOR = YES;
				GCC_WARN_UNINITIALIZED_AUTOS = YES_AGGRESSIVE;
				GCC_WARN_UNUSED_FUNCTION = YES;
				GCC_WARN_UNUSED_VARIABLE = YES;
				MACOSX_DEPLOYMENT_TARGET = 10.10;
				MTL_ENABLE_DEBUG_INFO = YES;
				ONLY_ACTIVE_ARCH = YES;
				SDKROOT = macosx;
			};
			name = Debug;
		};
		C02999231AB99E3F00AE717D /* Release */ = {
			isa = XCBuildConfiguration;
			buildSettings = {
				ALWAYS_SEARCH_USER_PATHS = NO;
				CLANG_CXX_LANGUAGE_STANDARD = "gnu++0x";
				CLANG_CXX_LIBRARY = "libc++";
				CLANG_ENABLE_MODULES = YES;
				CLANG_ENABLE_OBJC_ARC = YES;
				CLANG_WARN_BOOL_CONVERSION = YES;
				CLANG_WARN_CONSTANT_CONVERSION = YES;
				CLANG_WARN_DIRECT_OBJC_ISA_USAGE = YES_ERROR;
				CLANG_WARN_EMPTY_BODY = YES;
				CLANG_WARN_ENUM_CONVERSION = YES;
				CLANG_WARN_INT_CONVERSION = YES;
				CLANG_WARN_OBJC_ROOT_CLASS = YES_ERROR;
				CLANG_WARN_UNREACHABLE_CODE = YES;
				CLANG_WARN__DUPLICATE_METHOD_MATCH = YES;
				COPY_PHASE_STRIP = NO;
				DEBUG_INFORMATION_FORMAT = "dwarf-with-dsym";
				ENABLE_NS_ASSERTIONS = NO;
				ENABLE_STRICT_OBJC_MSGSEND = YES;
				GCC_C_LANGUAGE_STANDARD = gnu99;
				GCC_WARN_64_TO_32_BIT_CONVERSION = YES;
				GCC_WARN_ABOUT_RETURN_TYPE = YES_ERROR;
				GCC_WARN_UNDECLARED_SELECTOR = YES;
				GCC_WARN_UNINITIALIZED_AUTOS = YES_AGGRESSIVE;
				GCC_WARN_UNUSED_FUNCTION = YES;
				GCC_WARN_UNUSED_VARIABLE = YES;
				MACOSX_DEPLOYMENT_TARGET = 10.10;
				MTL_ENABLE_DEBUG_INFO = NO;
				SDKROOT = macosx;
			};
			name = Release;
		};
		C02999251AB99E3F00AE717D /* Debug */ = {
			isa = XCBuildConfiguration;
			buildSettings = {
				PRODUCT_NAME = "$(TARGET_NAME)";
			};
			name = Debug;
		};
		C02999261AB99E3F00AE717D /* Release */ = {
			isa = XCBuildConfiguration;
			buildSettings = {
				PRODUCT_NAME = "$(TARGET_NAME)";
			};
			name = Release;
		};
/* End XCBuildConfiguration section */

/* Begin XCConfigurationList section */
		C02999181AB99E3E00AE717D /* Build configuration list for PBXProject "LOJ_rotate-array" */ = {
			isa = XCConfigurationList;
			buildConfigurations = (
				C02999221AB99E3F00AE717D /* Debug */,
				C02999231AB99E3F00AE717D /* Release */,
			);
			defaultConfigurationIsVisible = 0;
			defaultConfigurationName = Release;
		};
		C02999241AB99E3F00AE717D /* Build configuration list for PBXNativeTarget "LOJ_rotate-array" */ = {
			isa = XCConfigurationList;
			buildConfigurations = (
				C02999251AB99E3F00AE717D /* Debug */,
				C02999261AB99E3F00AE717D /* Release */,
			);
			defaultConfigurationIsVisible = 0;
		};
/* End XCConfigurationList section */
	};
	rootObject = C02999151AB99E3E00AE717D /* Project object */;
}
